
Microsoft Visual Studio Solution File, Format Version 12.00
# Visual Studio Version 16
VisualStudioVersion = 16.0.30907.101
MinimumVisualStudioVersion = 10.0.40219.1
Project("{9A19103F-16F7-4668-BE54-9A1E7A4F7556}") = "Library", "WebApplication2\Library.csproj", "{96E987D5-735F-424E-B326-0EF49CDE9AA4}"
EndProject
Project("{9A19103F-16F7-4668-BE54-9A1E7A4F7556}") = "Library.tests", "Library.tests\Library.tests.csproj", "{78982C15-6C75-45AF-B47F-42CC0354A8E6}"
EndProject
Project("{FAE04EC0-301F-11D3-BF4B-00C04F79EFBC}") = "DataLayer", "DataLayer\DataLayer.csproj", "{04F3C929-FA53-47CF-9DD1-5FBDD195B4A0}"
EndProject
Project("{FAE04EC0-301F-11D3-BF4B-00C04F79EFBC}") = "BuisnessLayer", "BuisnessLayer\BuisnessLayer.csproj", "{3ED1E9DC-70B9-4244-8856-220B660AA9E8}"
EndProject
Global
	GlobalSection(SolutionConfigurationPlatforms) = preSolution
		Debug|Any CPU = Debug|Any CPU
		Release|Any CPU = Release|Any CPU
	EndGlobalSection
	GlobalSection(ProjectConfigurationPlatforms) = postSolution
		{96E987D5-735F-424E-B326-0EF49CDE9AA4}.Debug|Any CPU.ActiveCfg = Debug|Any CPU
		{96E987D5-735F-424E-B326-0EF49CDE9AA4}.Debug|Any CPU.Build.0 = Debug|Any CPU
		{96E987D5-735F-424E-B326-0EF49CDE9AA4}.Release|Any CPU.ActiveCfg = Release|Any CPU
		{96E987D5-735F-424E-B326-0EF49CDE9AA4}.Release|Any CPU.Build.0 = Release|Any CPU
		{78982C15-6C75-45AF-B47F-42CC0354A8E6}.Debug|Any CPU.ActiveCfg = Debug|Any CPU
		{78982C15-6C75-45AF-B47F-42CC0354A8E6}.Debug|Any CPU.Build.0 = Debug|Any CPU
		{78982C15-6C75-45AF-B47F-42CC0354A8E6}.Release|Any CPU.ActiveCfg = Release|Any CPU
		{78982C15-6C75-45AF-B47F-42CC0354A8E6}.Release|Any CPU.Build.0 = Release|Any CPU
		{04F3C929-FA53-47CF-9DD1-5FBDD195B4A0}.Debug|Any CPU.ActiveCfg = Debug|Any CPU
		{04F3C929-FA53-47CF-9DD1-5FBDD195B4A0}.Debug|Any CPU.Build.0 = Debug|Any CPU
		{04F3C929-FA53-47CF-9DD1-5FBDD195B4A0}.Release|Any CPU.ActiveCfg = Release|Any CPU
		{04F3C929-FA53-47CF-9DD1-5FBDD195B4A0}.Release|Any CPU.Build.0 = Release|Any CPU
		{3ED1E9DC-70B9-4244-8856-220B660AA9E8}.Debug|Any CPU.ActiveCfg = Debug|Any CPU
		{3ED1E9DC-70B9-4244-8856-220B660AA9E8}.Debug|Any CPU.Build.0 = Debug|Any CPU
		{3ED1E9DC-70B9-4244-8856-220B660AA9E8}.Release|Any CPU.ActiveCfg = Release|Any CPU
		{3ED1E9DC-70B9-4244-8856-220B660AA9E8}.Release|Any CPU.Build.0 = Release|Any CPU
	EndGlobalSection
	GlobalSection(SolutionProperties) = preSolution
		HideSolutionNode = FALSE
	EndGlobalSection
	GlobalSection(ExtensibilityGlobals) = postSolution
		SolutionGuid = {06D22072-1BB2-49D7-AB21-27DC3750F79E}
	EndGlobalSection
EndGlobal
